
Microsoft Visual Studio Solution File, Format Version 12.00
# Visual Studio Version 17
VisualStudioVersion = 17.2.32630.192
MinimumVisualStudioVersion = 10.0.40219.1
Project("{FAE04EC0-301F-11D3-BF4B-00C04F79EFBC}") = "PharmacyManager", "PharmacyManager.csproj", "{D55447F6-7048-4C62-AD2D-A8A01DCA2A72}"
EndProject
Global
	GlobalSection(SolutionConfigurationPlatforms) = preSolution
		Debug|Any CPU = Debug|Any CPU
		Release|Any CPU = Release|Any CPU
	EndGlobalSection
	GlobalSection(ProjectConfigurationPlatforms) = postSolution
		{D55447F6-7048-4C62-AD2D-A8A01DCA2A72}.Debug|Any CPU.ActiveCfg = Debug|Any CPU
		{D55447F6-7048-4C62-AD2D-A8A01DCA2A72}.Debug|Any CPU.Build.0 = Debug|Any CPU
		{D55447F6-7048-4C62-AD2D-A8A01DCA2A72}.Release|Any CPU.ActiveCfg = Release|Any CPU
		{D55447F6-7048-4C62-AD2D-A8A01DCA2A72}.Release|Any CPU.Build.0 = Release|Any CPU
	EndGlobalSection
	GlobalSection(SolutionProperties) = preSolution
		HideSolutionNode = FALSE
	EndGlobalSection
	GlobalSection(ExtensibilityGlobals) = postSolution
		SolutionGuid = {60441096-5DF4-4E8D-8A71-184E941B4C48}
	EndGlobalSection
EndGlobal
